Microsoft Visual Studio Solution File, Format Version 12.00
# Visual Studio Version 16
VisualStudioVersion = 16.0.31729.503
MinimumVisualStudioVersion = 10.0.40219.1
Project("{8BC9CEB8-8B4A-11D0-8D11-00A0C91BC942}") = "bGPU-Unified", "bGPU-Unified.vcxproj", "{4CB3B725-D4D4-426D-A1AC-FD7364C423D8}"
EndProject
Project("{8BC9CEB8-8B4A-11D0-8D11-00A0C91BC942}") = "simlib", "simlib.vcxproj", "{4FDFD9DD-4472-424F-9AEB-088E01DA6489}"
EndProject
Project("{8BC9CEB8-8B4A-11D0-8D11-00A0C91BC942}") = "emulib", "emulib.vcxproj", "{D6ED08BA-9650-4513-A4F4-E81D2E24C9A8}"
EndProject
Project("{8BC9CEB8-8B4A-11D0-8D11-00A0C91BC942}") = "supportlib", "supportlib.vcxproj", "{969B33CA-C16C-4A1D-A164-97911BF64839}"
EndProject
Project("{8BC9CEB8-8B4A-11D0-8D11-00A0C91BC942}") = "gllib", "gllib.vcxproj", "{6A081EBC-5616-4B1D-A753-755AFFCE1010}"
EndProject
Project("{8BC9CEB8-8B4A-11D0-8D11-00A0C91BC942}") = "bGPU", "bGPU.vcxproj", "{04DD25EA-96CB-4577-98FA-00EB4ED25A78}"
EndProject
Project("{8BC9CEB8-8B4A-11D0-8D11-00A0C91BC942}") = "CodeGenerator", "CodeGenerator.vcxproj", "{F28B2FA6-80CE-4C3A-9790-08CC91AB8697}"
EndProject
Project("{8BC9CEB8-8B4A-11D0-8D11-00A0C91BC942}") = "GLInstrument", "GLInstrument.vcxproj", "{AB7A50C9-EC11-4734-9749-AA084C0A06D0}"
EndProject
Project("{8BC9CEB8-8B4A-11D0-8D11-00A0C91BC942}") = "GLInstrumentTool", "GLInstrumentTool.vcxproj", "{F932090A-5617-49DB-91DB-92A65AF792D6}"
EndProject
Project("{8BC9CEB8-8B4A-11D0-8D11-00A0C91BC942}") = "GLInterceptor", "GLInterceptor.vcxproj", "{EFA23ECB-D3DF-4C57-899B-87A28944ADC3}"
EndProject
Project("{8BC9CEB8-8B4A-11D0-8D11-00A0C91BC942}") = "GLPlayer", "GLPlayer.vcxproj", "{2AFC3FD8-B1A9-44BC-B2BC-6C91FBCE9989}"
EndProject
Project("{8BC9CEB8-8B4A-11D0-8D11-00A0C91BC942}") = "codegeneration", "codegeneration.vcxproj", "{B53C27A5-9637-453E-97E7-AD5002A30673}"
EndProject
Project("{8BC9CEB8-8B4A-11D0-8D11-00A0C91BC942}") = "gl2atila", "gl2atila.vcxproj", "{178254E2-6A38-44C8-8784-2E90DE108D67}"
EndProject
Project("{8BC9CEB8-8B4A-11D0-8D11-00A0C91BC942}") = "extractTraceRegion", "extractTraceRegion.vcxproj", "{AB643A66-0FCC-476F-9C24-AB312125793C}"
EndProject
Project("{8BC9CEB8-8B4A-11D0-8D11-00A0C91BC942}") = "GPUDriver", "GPUDriver.vcxproj", "{DC596C38-F5C4-4596-A961-0FE0D32C655B}"
EndProject
Project("{8BC9CEB8-8B4A-11D0-8D11-00A0C91BC942}") = "ACD", "ACD.vcxproj", "{27666D70-DDAB-46D2-8A6A-42E99A4A8704}"
EndProject
Project("{8BC9CEB8-8B4A-11D0-8D11-00A0C91BC942}") = "ACDTest", "ACDTest.vcxproj", "{B36CE5F8-B69A-4339-9256-D75B44BDED24}"
EndProject
Project("{8BC9CEB8-8B4A-11D0-8D11-00A0C91BC942}") = "ACDX", "ACDX.vcxproj", "{BC559856-085A-4495-95BE-04EA27B162DB}"
EndProject
Project("{8BC9CEB8-8B4A-11D0-8D11-00A0C91BC942}") = "D3DPixRunPlayer", "D3DPixRunPlayer.vcxproj", "{66D8D609-BD78-4438-A7A1-334F4E793EC5}"
EndProject
Project("{8BC9CEB8-8B4A-11D0-8D11-00A0C91BC942}") = "D3DDriver", "D3DDriver.vcxproj", "{1FE9AD53-5F05-402A-B7A8-801D9BB6EA73}"
EndProject
Project("{8BC9CEB8-8B4A-11D0-8D11-00A0C91BC942}") = "D3DPlayer4Windows", "D3DPlayer4Windows.vcxproj", "{3BCC8406-E5A2-4C49-88DC-6F9B4FA41FA5}"
EndProject
Project("{8BC9CEB8-8B4A-11D0-8D11-00A0C91BC942}") = "D3DCodegen", "D3DCodegen.vcxproj", "{CF71A00E-6F7D-4898-8ECB-46E6B7510542}"
EndProject
Project("{8BC9CEB8-8B4A-11D0-8D11-00A0C91BC942}") = "MemoryControllerTest", "MemoryControllerTest.vcxproj", "{43F1B259-C5BF-4630-B7CC-C5888E44E084}"
EndProject
Project("{8BC9CEB8-8B4A-11D0-8D11-00A0C91BC942}") = "TestCreator", "TestCreator.vcxproj", "{F0C4AA9E-8E6C-4600-8C8E-7661B21238E5}"
EndProject
Project("{8BC9CEB8-8B4A-11D0-8D11-00A0C91BC942}") = "ALLA", "ALLA.vcxproj", "{757A1189-B45D-4F93-A1C3-BD3E4C589C4B}"
EndProject
Project("{8BC9CEB8-8B4A-11D0-8D11-00A0C91BC942}") = "D3DStadistics", "D3DStadistics.vcxproj", "{A4EC2DF3-543D-4FF5-A60E-4184B6E827DD}"
EndProject
Project("{8BC9CEB8-8B4A-11D0-8D11-00A0C91BC942}") = "bGPU-emu", "bGPU-emu.vcxproj", "{F689FB1B-A862-474F-8F38-CBD088231175}"
EndProject
Project("{8BC9CEB8-8B4A-11D0-8D11-00A0C91BC942}") = "ShaderProgramTest", "ShaderProgramTest.vcxproj", "{D58F14AE-4FF2-4009-8B67-4D394872EFF5}"
EndProject
Global
	GlobalSection(SolutionConfigurationPlatforms) = preSolution
		Debug|Win32 = Debug|Win32
		Debug|x64 = Debug|x64
		Profile|Win32 = Profile|Win32
		Profile|x64 = Profile|x64
		Release|Win32 = Release|Win32
		Release|x64 = Release|x64
		Stadistics Debug|Win32 = Stadistics Debug|Win32
		Stadistics Debug|x64 = Stadistics Debug|x64
		Stadistics Release|Win32 = Stadistics Release|Win32
		Stadistics Release|x64 = Stadistics Release|x64
	EndGlobalSection
	GlobalSection(ProjectConfigurationPlatforms) = postSolution
		{4CB3B725-D4D4-426D-A1AC-FD7364C423D8}.Debug|Win32.ActiveCfg = Debug|Win32
		{4CB3B725-D4D4-426D-A1AC-FD7364C423D8}.Debug|Win32.Build.0 = Debug|Win32
		{4CB3B725-D4D4-426D-A1AC-FD7364C423D8}.Debug|x64.ActiveCfg = Debug|x64
		{4CB3B725-D4D4-426D-A1AC-FD7364C423D8}.Debug|x64.Build.0 = Debug|x64
		{4CB3B725-D4D4-426D-A1AC-FD7364C423D8}.Profile|Win32.ActiveCfg = Profile|Win32
		{4CB3B725-D4D4-426D-A1AC-FD7364C423D8}.Profile|Win32.Build.0 = Profile|Win32
		{4CB3B725-D4D4-426D-A1AC-FD7364C423D8}.Profile|x64.ActiveCfg = Profile|x64
		{4CB3B725-D4D4-426D-A1AC-FD7364C423D8}.Profile|x64.Build.0 = Profile|x64
		{4CB3B725-D4D4-426D-A1AC-FD7364C423D8}.Release|Win32.ActiveCfg = Release|Win32
		{4CB3B725-D4D4-426D-A1AC-FD7364C423D8}.Release|Win32.Build.0 = Release|Win32
		{4CB3B725-D4D4-426D-A1AC-FD7364C423D8}.Release|x64.ActiveCfg = Release|x64
		{4CB3B725-D4D4-426D-A1AC-FD7364C423D8}.Release|x64.Build.0 = Release|x64
		{4CB3B725-D4D4-426D-A1AC-FD7364C423D8}.Stadistics Debug|Win32.ActiveCfg = Debug|Win32
		{4CB3B725-D4D4-426D-A1AC-FD7364C423D8}.Stadistics Debug|Win32.Build.0 = Debug|Win32
		{4CB3B725-D4D4-426D-A1AC-FD7364C423D8}.Stadistics Debug|x64.ActiveCfg = Debug|Win32
		{4CB3B725-D4D4-426D-A1AC-FD7364C423D8}.Stadistics Release|Win32.ActiveCfg = Release|Win32
		{4CB3B725-D4D4-426D-A1AC-FD7364C423D8}.Stadistics Release|Win32.Build.0 = Release|Win32
		{4CB3B725-D4D4-426D-A1AC-FD7364C423D8}.Stadistics Release|x64.ActiveCfg = Release|Win32
		{4FDFD9DD-4472-424F-9AEB-088E01DA6489}.Debug|Win32.ActiveCfg = Debug|Win32
		{4FDFD9DD-4472-424F-9AEB-088E01DA6489}.Debug|Win32.Build.0 = Debug|Win32
		{4FDFD9DD-4472-424F-9AEB-088E01DA6489}.Debug|x64.ActiveCfg = Debug|x64
		{4FDFD9DD-4472-424F-9AEB-088E01DA6489}.Debug|x64.Build.0 = Debug|x64
		{4FDFD9DD-4472-424F-9AEB-088E01DA6489}.Profile|Win32.ActiveCfg = Profile|Win32
		{4FDFD9DD-4472-424F-9AEB-088E01DA6489}.Profile|Win32.Build.0 = Profile|Win32
		{4FDFD9DD-4472-424F-9AEB-088E01DA6489}.Profile|x64.ActiveCfg = Profile|x64
		{4FDFD9DD-4472-424F-9AEB-088E01DA6489}.Profile|x64.Build.0 = Profile|x64
		{4FDFD9DD-4472-424F-9AEB-088E01DA6489}.Release|Win32.ActiveCfg = Release|Win32
		{4FDFD9DD-4472-424F-9AEB-088E01DA6489}.Release|Win32.Build.0 = Release|Win32
		{4FDFD9DD-4472-424F-9AEB-088E01DA6489}.Release|x64.ActiveCfg = Release|x64
		{4FDFD9DD-4472-424F-9AEB-088E01DA6489}.Release|x64.Build.0 = Release|x64
		{4FDFD9DD-4472-424F-9AEB-088E01DA6489}.Stadistics Debug|Win32.ActiveCfg = Debug|Win32
		{4FDFD9DD-4472-424F-9AEB-088E01DA6489}.Stadistics Debug|Win32.Build.0 = Debug|Win32
		{4FDFD9DD-4472-424F-9AEB-088E01DA6489}.Stadistics Debug|x64.ActiveCfg = Debug|x64
		{4FDFD9DD-4472-424F-9AEB-088E01DA6489}.Stadistics Debug|x64.Build.0 = Debug|x64
		{4FDFD9DD-4472-424F-9AEB-088E01DA6489}.Stadistics Release|Win32.ActiveCfg = Release|Win32
		{4FDFD9DD-4472-424F-9AEB-088E01DA6489}.Stadistics Release|Win32.Build.0 = Release|Win32
		{4FDFD9DD-4472-424F-9AEB-088E01DA6489}.Stadistics Release|x64.ActiveCfg = Release|x64
		{4FDFD9DD-4472-424F-9AEB-088E01DA6489}.Stadistics Release|x64.Build.0 = Release|x64
		{D6ED08BA-9650-4513-A4F4-E81D2E24C9A8}.Debug|Win32.ActiveCfg = Debug|Win32
		{D6ED08BA-9650-4513-A4F4-E81D2E24C9A8}.Debug|Win32.Build.0 = Debug|Win32
		{D6ED08BA-9650-4513-A4F4-E81D2E24C9A8}.Debug|x64.ActiveCfg = Debug|x64
		{D6ED08BA-9650-4513-A4F4-E81D2E24C9A8}.Debug|x64.Build.0 = Debug|x64
		{D6ED08BA-9650-4513-A4F4-E81D2E24C9A8}.Profile|Win32.ActiveCfg = Profile|Win32
		{D6ED08BA-9650-4513-A4F4-E81D2E24C9A8}.Profile|Win32.Build.0 = Profile|Win32
		{D6ED08BA-9650-4513-A4F4-E81D2E24C9A8}.Profile|x64.ActiveCfg = Profile|x64
		{D6ED08BA-9650-4513-A4F4-E81D2E24C9A8}.Profile|x64.Build.0 = Profile|x64
		{D6ED08BA-9650-4513-A4F4-E81D2E24C9A8}.Release|Win32.ActiveCfg = Release|Win32
		{D6ED08BA-9650-4513-A4F4-E81D2E24C9A8}.Release|Win32.Build.0 = Release|Win32
		{D6ED08BA-9650-4513-A4F4-E81D2E24C9A8}.Release|x64.ActiveCfg = Release|x64
		{D6ED08BA-9650-4513-A4F4-E81D2E24C9A8}.Release|x64.Build.0 = Release|x64
		{D6ED08BA-9650-4513-A4F4-E81D2E24C9A8}.Stadistics Debug|Win32.ActiveCfg = Debug|Win32
		{D6ED08BA-9650-4513-A4F4-E81D2E24C9A8}.Stadistics Debug|Win32.Build.0 = Debug|Win32
		{D6ED08BA-9650-4513-A4F4-E81D2E24C9A8}.Stadistics Debug|x64.ActiveCfg = Debug|x64
		{D6ED08BA-9650-4513-A4F4-E81D2E24C9A8}.Stadistics Debug|x64.Build.0 = Debug|x64
		{D6ED08BA-9650-4513-A4F4-E81D2E24C9A8}.Stadistics Release|Win32.ActiveCfg = Release|Win32
		{D6ED08BA-9650-4513-A4F4-E81D2E24C9A8}.Stadistics Release|Win32.Build.0 = Release|Win32
		{D6ED08BA-9650-4513-A4F4-E81D2E24C9A8}.Stadistics Release|x64.ActiveCfg = Release|x64
		{D6ED08BA-9650-4513-A4F4-E81D2E24C9A8}.Stadistics Release|x64.Build.0 = Release|x64
		{969B33CA-C16C-4A1D-A164-97911BF64839}.Debug|Win32.ActiveCfg = Debug|Win32
		{969B33CA-C16C-4A1D-A164-97911BF64839}.Debug|Win32.Build.0 = Debug|Win32
		{969B33CA-C16C-4A1D-A164-97911BF64839}.Debug|x64.ActiveCfg = Debug|x64
		{969B33CA-C16C-4A1D-A164-97911BF64839}.Debug|x64.Build.0 = Debug|x64
		{969B33CA-C16C-4A1D-A164-97911BF64839}.Profile|Win32.ActiveCfg = Profile|Win32
		{969B33CA-C16C-4A1D-A164-97911BF64839}.Profile|Win32.Build.0 = Profile|Win32
		{969B33CA-C16C-4A1D-A164-97911BF64839}.Profile|x64.ActiveCfg = Profile|x64
		{969B33CA-C16C-4A1D-A164-97911BF64839}.Profile|x64.Build.0 = Profile|x64
		{969B33CA-C16C-4A1D-A164-97911BF64839}.Release|Win32.ActiveCfg = Release|Win32
		{969B33CA-C16C-4A1D-A164-97911BF64839}.Release|Win32.Build.0 = Release|Win32
		{969B33CA-C16C-4A1D-A164-97911BF64839}.Release|x64.ActiveCfg = Release|x64
		{969B33CA-C16C-4A1D-A164-97911BF64839}.Release|x64.Build.0 = Release|x64
		{969B33CA-C16C-4A1D-A164-97911BF64839}.Stadistics Debug|Win32.ActiveCfg = Debug|Win32
		{969B33CA-C16C-4A1D-A164-97911BF64839}.Stadistics Debug|Win32.Build.0 = Debug|Win32
		{969B33CA-C16C-4A1D-A164-97911BF64839}.Stadistics Debug|x64.ActiveCfg = Debug|x64
		{969B33CA-C16C-4A1D-A164-97911BF64839}.Stadistics Debug|x64.Build.0 = Debug|x64
		{969B33CA-C16C-4A1D-A164-97911BF64839}.Stadistics Release|Win32.ActiveCfg = Release|Win32
		{969B33CA-C16C-4A1D-A164-97911BF64839}.Stadistics Release|Win32.Build.0 = Release|Win32
		{969B33CA-C16C-4A1D-A164-97911BF64839}.Stadistics Release|x64.ActiveCfg = Release|x64
		{969B33CA-C16C-4A1D-A164-97911BF64839}.Stadistics Release|x64.Build.0 = Release|x64
		{6A081EBC-5616-4B1D-A753-755AFFCE1010}.Debug|Win32.ActiveCfg = Debug|Win32
		{6A081EBC-5616-4B1D-A753-755AFFCE1010}.Debug|Win32.Build.0 = Debug|Win32
		{6A081EBC-5616-4B1D-A753-755AFFCE1010}.Debug|x64.ActiveCfg = Debug|x64
		{6A081EBC-5616-4B1D-A753-755AFFCE1010}.Debug|x64.Build.0 = Debug|x64
		{6A081EBC-5616-4B1D-A753-755AFFCE1010}.Profile|Win32.ActiveCfg = Profile|Win32
		{6A081EBC-5616-4B1D-A753-755AFFCE1010}.Profile|Win32.Build.0 = Profile|Win32
		{6A081EBC-5616-4B1D-A753-755AFFCE1010}.Profile|x64.ActiveCfg = Profile|x64
		{6A081EBC-5616-4B1D-A753-755AFFCE1010}.Profile|x64.Build.0 = Profile|x64
		{6A081EBC-5616-4B1D-A753-755AFFCE1010}.Release|Win32.ActiveCfg = Release|Win32
		{6A081EBC-5616-4B1D-A753-755AFFCE1010}.Release|Win32.Build.0 = Release|Win32
		{6A081EBC-5616-4B1D-A753-755AFFCE1010}.Release|x64.ActiveCfg = Release|x64
		{6A081EBC-5616-4B1D-A753-755AFFCE1010}.Release|x64.Build.0 = Release|x64
		{6A081EBC-5616-4B1D-A753-755AFFCE1010}.Stadistics Debug|Win32.ActiveCfg = Debug|Win32
		{6A081EBC-5616-4B1D-A753-755AFFCE1010}.Stadistics Debug|Win32.Build.0 = Debug|Win32
		{6A081EBC-5616-4B1D-A753-755AFFCE1010}.Stadistics Debug|x64.ActiveCfg = Debug|Win32
		{6A081EBC-5616-4B1D-A753-755AFFCE1010}.Stadistics Release|Win32.ActiveCfg = Release|Win32
		{6A081EBC-5616-4B1D-A753-755AFFCE1010}.Stadistics Release|Win32.Build.0 = Release|Win32
		{6A081EBC-5616-4B1D-A753-755AFFCE1010}.Stadistics Release|x64.ActiveCfg = Release|Win32
		{04DD25EA-96CB-4577-98FA-00EB4ED25A78}.Debug|Win32.ActiveCfg = Debug|Win32
		{04DD25EA-96CB-4577-98FA-00EB4ED25A78}.Debug|Win32.Build.0 = Debug|Win32
		{04DD25EA-96CB-4577-98FA-00EB4ED25A78}.Debug|x64.ActiveCfg = Debug|x64
		{04DD25EA-96CB-4577-98FA-00EB4ED25A78}.Debug|x64.Build.0 = Debug|x64
		{04DD25EA-96CB-4577-98FA-00EB4ED25A78}.Profile|Win32.ActiveCfg = Profile|Win32
		{04DD25EA-96CB-4577-98FA-00EB4ED25A78}.Profile|Win32.Build.0 = Profile|Win32
		{04DD25EA-96CB-4577-98FA-00EB4ED25A78}.Profile|x64.ActiveCfg = Profile|x64
		{04DD25EA-96CB-4577-98FA-00EB4ED25A78}.Profile|x64.Build.0 = Profile|x64
		{04DD25EA-96CB-4577-98FA-00EB4ED25A78}.Release|Win32.ActiveCfg = Release|Win32
		{04DD25EA-96CB-4577-98FA-00EB4ED25A78}.Release|Win32.Build.0 = Release|Win32
		{04DD25EA-96CB-4577-98FA-00EB4ED25A78}.Release|x64.ActiveCfg = Release|x64
		{04DD25EA-96CB-4577-98FA-00EB4ED25A78}.Release|x64.Build.0 = Release|x64
		{04DD25EA-96CB-4577-98FA-00EB4ED25A78}.Stadistics Debug|Win32.ActiveCfg = Debug|Win32
		{04DD25EA-96CB-4577-98FA-00EB4ED25A78}.Stadistics Debug|Win32.Build.0 = Debug|Win32
		{04DD25EA-96CB-4577-98FA-00EB4ED25A78}.Stadistics Debug|x64.ActiveCfg = Debug|x64
		{04DD25EA-96CB-4577-98FA-00EB4ED25A78}.Stadistics Debug|x64.Build.0 = Debug|x64
		{04DD25EA-96CB-4577-98FA-00EB4ED25A78}.Stadistics Release|Win32.ActiveCfg = Release|Win32
		{04DD25EA-96CB-4577-98FA-00EB4ED25A78}.Stadistics Release|Win32.Build.0 = Release|Win32
		{04DD25EA-96CB-4577-98FA-00EB4ED25A78}.Stadistics Release|x64.ActiveCfg = Release|x64
		{04DD25EA-96CB-4577-98FA-00EB4ED25A78}.Stadistics Release|x64.Build.0 = Release|x64
		{F28B2FA6-80CE-4C3A-9790-08CC91AB8697}.Debug|Win32.ActiveCfg = Debug|Win32
		{F28B2FA6-80CE-4C3A-9790-08CC91AB8697}.Debug|Win32.Build.0 = Debug|Win32
		{F28B2FA6-80CE-4C3A-9790-08CC91AB8697}.Debug|x64.ActiveCfg = Debug|x64
		{F28B2FA6-80CE-4C3A-9790-08CC91AB8697}.Debug|x64.Build.0 = Debug|x64
		{F28B2FA6-80CE-4C3A-9790-08CC91AB8697}.Profile|Win32.ActiveCfg = Release|Win32
		{F28B2FA6-80CE-4C3A-9790-08CC91AB8697}.Profile|Win32.Build.0 = Release|Win32
		{F28B2FA6-80CE-4C3A-9790-08CC91AB8697}.Profile|x64.ActiveCfg = Release|x64
		{F28B2FA6-80CE-4C3A-9790-08CC91AB8697}.Profile|x64.Build.0 = Release|x64
		{F28B2FA6-80CE-4C3A-9790-08CC91AB8697}.Release|Win32.ActiveCfg = Release|Win32
		{F28B2FA6-80CE-4C3A-9790-08CC91AB8697}.Release|Win32.Build.0 = Release|Win32
		{F28B2FA6-80CE-4C3A-9790-08CC91AB8697}.Release|x64.ActiveCfg = Release|x64
		{F28B2FA6-80CE-4C3A-9790-08CC91AB8697}.Release|x64.Build.0 = Release|x64
		{F28B2FA6-80CE-4C3A-9790-08CC91AB8697}.Stadistics Debug|Win32.ActiveCfg = Debug|Win32
		{F28B2FA6-80CE-4C3A-9790-08CC91AB8697}.Stadistics Debug|Win32.Build.0 = Debug|Win32
		{F28B2FA6-80CE-4C3A-9790-08CC91AB8697}.Stadistics Debug|x64.ActiveCfg = Debug|x64
		{F28B2FA6-80CE-4C3A-9790-08CC91AB8697}.Stadistics Debug|x64.Build.0 = Debug|x64
		{F28B2FA6-80CE-4C3A-9790-08CC91AB8697}.Stadistics Release|Win32.ActiveCfg = Release|Win32
		{F28B2FA6-80CE-4C3A-9790-08CC91AB8697}.Stadistics Release|Win32.Build.0 = Release|Win32
		{F28B2FA6-80CE-4C3A-9790-08CC91AB8697}.Stadistics Release|x64.ActiveCfg = Release|x64
		{F28B2FA6-80CE-4C3A-9790-08CC91AB8697}.Stadistics Release|x64.Build.0 = Release|x64
		{AB7A50C9-EC11-4734-9749-AA084C0A06D0}.Debug|Win32.ActiveCfg = Debug|Win32
		{AB7A50C9-EC11-4734-9749-AA084C0A06D0}.Debug|Win32.Build.0 = Debug|Win32
		{AB7A50C9-EC11-4734-9749-AA084C0A06D0}.Debug|x64.ActiveCfg = Debug|Win32
		{AB7A50C9-EC11-4734-9749-AA084C0A06D0}.Profile|Win32.ActiveCfg = Release|Win32
		{AB7A50C9-EC11-4734-9749-AA084C0A06D0}.Profile|Win32.Build.0 = Release|Win32
		{AB7A50C9-EC11-4734-9749-AA084C0A06D0}.Profile|x64.ActiveCfg = Release|x64
		{AB7A50C9-EC11-4734-9749-AA084C0A06D0}.Release|Win32.ActiveCfg = Release|Win32
		{AB7A50C9-EC11-4734-9749-AA084C0A06D0}.Release|Win32.Build.0 = Release|Win32
		{AB7A50C9-EC11-4734-9749-AA084C0A06D0}.Release|x64.ActiveCfg = Release|Win32
		{AB7A50C9-EC11-4734-9749-AA084C0A06D0}.Stadistics Debug|Win32.ActiveCfg = Debug|Win32
		{AB7A50C9-EC11-4734-9749-AA084C0A06D0}.Stadistics Debug|Win32.Build.0 = Debug|Win32
		{AB7A50C9-EC11-4734-9749-AA084C0A06D0}.Stadistics Debug|x64.ActiveCfg = Debug|x64
		{AB7A50C9-EC11-4734-9749-AA084C0A06D0}.Stadistics Debug|x64.Build.0 = Debug|x64
		{AB7A50C9-EC11-4734-9749-AA084C0A06D0}.Stadistics Release|Win32.ActiveCfg = Release|Win32
		{AB7A50C9-EC11-4734-9749-AA084C0A06D0}.Stadistics Release|Win32.Build.0 = Release|Win32
		{AB7A50C9-EC11-4734-9749-AA084C0A06D0}.Stadistics Release|x64.ActiveCfg = Release|x64
		{AB7A50C9-EC11-4734-9749-AA084C0A06D0}.Stadistics Release|x64.Build.0 = Release|x64
		{F932090A-5617-49DB-91DB-92A65AF792D6}.Debug|Win32.ActiveCfg = Debug|Win32
		{F932090A-5617-49DB-91DB-92A65AF792D6}.Debug|Win32.Build.0 = Debug|Win32
		{F932090A-5617-49DB-91DB-92A65AF792D6}.Debug|x64.ActiveCfg = Debug|Win32
		{F932090A-5617-49DB-91DB-92A65AF792D6}.Profile|Win32.ActiveCfg = Release|Win32
		{F932090A-5617-49DB-91DB-92A65AF792D6}.Profile|Win32.Build.0 = Release|Win32
		{F932090A-5617-49DB-91DB-92A65AF792D6}.Profile|x64.ActiveCfg = Release|x64
		{F932090A-5617-49DB-91DB-92A65AF792D6}.Release|Win32.ActiveCfg = Release|Win32
		{F932090A-5617-49DB-91DB-92A65AF792D6}.Release|Win32.Build.0 = Release|Win32
		{F932090A-5617-49DB-91DB-92A65AF792D6}.Release|x64.ActiveCfg = Release|Win32
		{F932090A-5617-49DB-91DB-92A65AF792D6}.Stadistics Debug|Win32.ActiveCfg = Debug|Win32
		{F932090A-5617-49DB-91DB-92A65AF792D6}.Stadistics Debug|Win32.Build.0 = Debug|Win32
		{F932090A-5617-49DB-91DB-92A65AF792D6}.Stadistics Debug|x64.ActiveCfg = Debug|x64
		{F932090A-5617-49DB-91DB-92A65AF792D6}.Stadistics Debug|x64.Build.0 = Debug|x64
		{F932090A-5617-49DB-91DB-92A65AF792D6}.Stadistics Release|Win32.ActiveCfg = Release|Win32
		{F932090A-5617-49DB-91DB-92A65AF792D6}.Stadistics Release|Win32.Build.0 = Release|Win32
		{F932090A-5617-49DB-91DB-92A65AF792D6}.Stadistics Release|x64.ActiveCfg = Release|x64
		{F932090A-5617-49DB-91DB-92A65AF792D6}.Stadistics Release|x64.Build.0 = Release|x64
		{EFA23ECB-D3DF-4C57-899B-87A28944ADC3}.Debug|Win32.ActiveCfg = Debug|Win32
		{EFA23ECB-D3DF-4C57-899B-87A28944ADC3}.Debug|Win32.Build.0 = Debug|Win32
		{EFA23ECB-D3DF-4C57-899B-87A28944ADC3}.Debug|x64.ActiveCfg = Debug|Win32
		{EFA23ECB-D3DF-4C57-899B-87A28944ADC3}.Profile|Win32.ActiveCfg = Release|Win32
		{EFA23ECB-D3DF-4C57-899B-87A28944ADC3}.Profile|Win32.Build.0 = Release|Win32
		{EFA23ECB-D3DF-4C57-899B-87A28944ADC3}.Profile|x64.ActiveCfg = Release|x64
		{EFA23ECB-D3DF-4C57-899B-87A28944ADC3}.Release|Win32.ActiveCfg = Release|Win32
		{EFA23ECB-D3DF-4C57-899B-87A28944ADC3}.Release|Win32.Build.0 = Release|Win32
		{EFA23ECB-D3DF-4C57-899B-87A28944ADC3}.Release|x64.ActiveCfg = Release|Win32
		{EFA23ECB-D3DF-4C57-899B-87A28944ADC3}.Stadistics Debug|Win32.ActiveCfg = Debug|Win32
		{EFA23ECB-D3DF-4C57-899B-87A28944ADC3}.Stadistics Debug|Win32.Build.0 = Debug|Win32
		{EFA23ECB-D3DF-4C57-899B-87A28944ADC3}.Stadistics Debug|x64.ActiveCfg = Debug|x64
		{EFA23ECB-D3DF-4C57-899B-87A28944ADC3}.Stadistics Debug|x64.Build.0 = Debug|x64
		{EFA23ECB-D3DF-4C57-899B-87A28944ADC3}.Stadistics Release|Win32.ActiveCfg = Release|Win32
		{EFA23ECB-D3DF-4C57-899B-87A28944ADC3}.Stadistics Release|Win32.Build.0 = Release|Win32
		{EFA23ECB-D3DF-4C57-899B-87A28944ADC3}.Stadistics Release|x64.ActiveCfg = Release|x64
		{EFA23ECB-D3DF-4C57-899B-87A28944ADC3}.Stadistics Release|x64.Build.0 = Release|x64
		{2AFC3FD8-B1A9-44BC-B2BC-6C91FBCE9989}.Debug|Win32.ActiveCfg = Debug|Win32
		{2AFC3FD8-B1A9-44BC-B2BC-6C91FBCE9989}.Debug|Win32.Build.0 = Debug|Win32
		{2AFC3FD8-B1A9-44BC-B2BC-6C91FBCE9989}.Debug|x64.ActiveCfg = Debug|Win32
		{2AFC3FD8-B1A9-44BC-B2BC-6C91FBCE9989}.Profile|Win32.ActiveCfg = Profile|Win32
		{2AFC3FD8-B1A9-44BC-B2BC-6C91FBCE9989}.Profile|Win32.Build.0 = Profile|Win32
		{2AFC3FD8-B1A9-44BC-B2BC-6C91FBCE9989}.Profile|x64.ActiveCfg = Profile|x64
		{2AFC3FD8-B1A9-44BC-B2BC-6C91FBCE9989}.Release|Win32.ActiveCfg = Release|Win32
		{2AFC3FD8-B1A9-44BC-B2BC-6C91FBCE9989}.Release|Win32.Build.0 = Release|Win32
		{2AFC3FD8-B1A9-44BC-B2BC-6C91FBCE9989}.Release|x64.ActiveCfg = Release|Win32
		{2AFC3FD8-B1A9-44BC-B2BC-6C91FBCE9989}.Stadistics Debug|Win32.ActiveCfg = Debug|Win32
		{2AFC3FD8-B1A9-44BC-B2BC-6C91FBCE9989}.Stadistics Debug|Win32.Build.0 = Debug|Win32
		{2AFC3FD8-B1A9-44BC-B2BC-6C91FBCE9989}.Stadistics Debug|x64.ActiveCfg = Debug|x64
		{2AFC3FD8-B1A9-44BC-B2BC-6C91FBCE9989}.Stadistics Debug|x64.Build.0 = Debug|x64
		{2AFC3FD8-B1A9-44BC-B2BC-6C91FBCE9989}.Stadistics Release|Win32.ActiveCfg = Release|Win32
		{2AFC3FD8-B1A9-44BC-B2BC-6C91FBCE9989}.Stadistics Release|Win32.Build.0 = Release|Win32
		{2AFC3FD8-B1A9-44BC-B2BC-6C91FBCE9989}.Stadistics Release|x64.ActiveCfg = Release|x64
		{2AFC3FD8-B1A9-44BC-B2BC-6C91FBCE9989}.Stadistics Release|x64.Build.0 = Release|x64
		{B53C27A5-9637-453E-97E7-AD5002A30673}.Debug|Win32.ActiveCfg = Debug|Win32
		{B53C27A5-9637-453E-97E7-AD5002A30673}.Debug|Win32.Build.0 = Debug|Win32
		{B53C27A5-9637-453E-97E7-AD5002A30673}.Debug|x64.ActiveCfg = Debug|x64
		{B53C27A5-9637-453E-97E7-AD5002A30673}.Debug|x64.Build.0 = Debug|x64
		{B53C27A5-9637-453E-97E7-AD5002A30673}.Profile|Win32.ActiveCfg = Release|Win32
		{B53C27A5-9637-453E-97E7-AD5002A30673}.Profile|Win32.Build.0 = Release|Win32
		{B53C27A5-9637-453E-97E7-AD5002A30673}.Profile|x64.ActiveCfg = Release|x64
		{B53C27A5-9637-453E-97E7-AD5002A30673}.Profile|x64.Build.0 = Release|x64
		{B53C27A5-9637-453E-97E7-AD5002A30673}.Release|Win32.ActiveCfg = Release|Win32
		{B53C27A5-9637-453E-97E7-AD5002A30673}.Release|Win32.Build.0 = Release|Win32
		{B53C27A5-9637-453E-97E7-AD5002A30673}.Release|x64.ActiveCfg = Release|x64
		{B53C27A5-9637-453E-97E7-AD5002A30673}.Release|x64.Build.0 = Release|x64
		{B53C27A5-9637-453E-97E7-AD5002A30673}.Stadistics Debug|Win32.ActiveCfg = Debug|Win32
		{B53C27A5-9637-453E-97E7-AD5002A30673}.Stadistics Debug|Win32.Build.0 = Debug|Win32
		{B53C27A5-9637-453E-97E7-AD5002A30673}.Stadistics Debug|x64.ActiveCfg = Debug|x64
		{B53C27A5-9637-453E-97E7-AD5002A30673}.Stadistics Debug|x64.Build.0 = Debug|x64
		{B53C27A5-9637-453E-97E7-AD5002A30673}.Stadistics Release|Win32.ActiveCfg = Release|Win32
		{B53C27A5-9637-453E-97E7-AD5002A30673}.Stadistics Release|Win32.Build.0 = Release|Win32
		{B53C27A5-9637-453E-97E7-AD5002A30673}.Stadistics Release|x64.ActiveCfg = Release|x64
		{B53C27A5-9637-453E-97E7-AD5002A30673}.Stadistics Release|x64.Build.0 = Release|x64
		{178254E2-6A38-44C8-8784-2E90DE108D67}.Debug|Win32.ActiveCfg = Debug|Win32
		{178254E2-6A38-44C8-8784-2E90DE108D67}.Debug|Win32.Build.0 = Debug|Win32
		{178254E2-6A38-44C8-8784-2E90DE108D67}.Debug|x64.ActiveCfg = Debug|x64
		{178254E2-6A38-44C8-8784-2E90DE108D67}.Debug|x64.Build.0 = Debug|x64
		{178254E2-6A38-44C8-8784-2E90DE108D67}.Profile|Win32.ActiveCfg = Profile|Win32
		{178254E2-6A38-44C8-8784-2E90DE108D67}.Profile|Win32.Build.0 = Profile|Win32
		{178254E2-6A38-44C8-8784-2E90DE108D67}.Profile|x64.ActiveCfg = Profile|x64
		{178254E2-6A38-44C8-8784-2E90DE108D67}.Profile|x64.Build.0 = Profile|x64
		{178254E2-6A38-44C8-8784-2E90DE108D67}.Release|Win32.ActiveCfg = Release|Win32
		{178254E2-6A38-44C8-8784-2E90DE108D67}.Release|Win32.Build.0 = Release|Win32
		{178254E2-6A38-44C8-8784-2E90DE108D67}.Release|x64.ActiveCfg = Release|x64
		{178254E2-6A38-44C8-8784-2E90DE108D67}.Release|x64.Build.0 = Release|x64
		{178254E2-6A38-44C8-8784-2E90DE108D67}.Stadistics Debug|Win32.ActiveCfg = Debug|Win32
		{178254E2-6A38-44C8-8784-2E90DE108D67}.Stadistics Debug|Win32.Build.0 = Debug|Win32
		{178254E2-6A38-44C8-8784-2E90DE108D67}.Stadistics Debug|x64.ActiveCfg = Debug|x64
		{178254E2-6A38-44C8-8784-2E90DE108D67}.Stadistics Debug|x64.Build.0 = Debug|x64
		{178254E2-6A38-44C8-8784-2E90DE108D67}.Stadistics Release|Win32.ActiveCfg = Release|Win32
		{178254E2-6A38-44C8-8784-2E90DE108D67}.Stadistics Release|Win32.Build.0 = Release|Win32
		{178254E2-6A38-44C8-8784-2E90DE108D67}.Stadistics Release|x64.ActiveCfg = Release|x64
		{178254E2-6A38-44C8-8784-2E90DE108D67}.Stadistics Release|x64.Build.0 = Release|x64
		{AB643A66-0FCC-476F-9C24-AB312125793C}.Debug|Win32.ActiveCfg = Debug|Win32
		{AB643A66-0FCC-476F-9C24-AB312125793C}.Debug|Win32.Build.0 = Debug|Win32
		{AB643A66-0FCC-476F-9C24-AB312125793C}.Debug|x64.ActiveCfg = Debug|x64
		{AB643A66-0FCC-476F-9C24-AB312125793C}.Debug|x64.Build.0 = Debug|x64
		{AB643A66-0FCC-476F-9C24-AB312125793C}.Profile|Win32.ActiveCfg = Profile|Win32
		{AB643A66-0FCC-476F-9C24-AB312125793C}.Profile|Win32.Build.0 = Profile|Win32
		{AB643A66-0FCC-476F-9C24-AB312125793C}.Profile|x64.ActiveCfg = Profile|x64
		{AB643A66-0FCC-476F-9C24-AB312125793C}.Profile|x64.Build.0 = Profile|x64
		{AB643A66-0FCC-476F-9C24-AB312125793C}.Release|Win32.ActiveCfg = Release|Win32
		{AB643A66-0FCC-476F-9C24-AB312125793C}.Release|Win32.Build.0 = Release|Win32
		{AB643A66-0FCC-476F-9C24-AB312125793C}.Release|x64.ActiveCfg = Release|x64
		{AB643A66-0FCC-476F-9C24-AB312125793C}.Release|x64.Build.0 = Release|x64
		{AB643A66-0FCC-476F-9C24-AB312125793C}.Stadistics Debug|Win32.ActiveCfg = Debug|Win32
		{AB643A66-0FCC-476F-9C24-AB312125793C}.Stadistics Debug|Win32.Build.0 = Debug|Win32
		{AB643A66-0FCC-476F-9C24-AB312125793C}.Stadistics Debug|x64.ActiveCfg = Debug|x64
		{AB643A66-0FCC-476F-9C24-AB312125793C}.Stadistics Debug|x64.Build.0 = Debug|x64
		{AB643A66-0FCC-476F-9C24-AB312125793C}.Stadistics Release|Win32.ActiveCfg = Release|Win32
		{AB643A66-0FCC-476F-9C24-AB312125793C}.Stadistics Release|Win32.Build.0 = Release|Win32
		{AB643A66-0FCC-476F-9C24-AB312125793C}.Stadistics Release|x64.ActiveCfg = Release|x64
		{AB643A66-0FCC-476F-9C24-AB312125793C}.Stadistics Release|x64.Build.0 = Release|x64
		{DC596C38-F5C4-4596-A961-0FE0D32C655B}.Debug|Win32.ActiveCfg = Debug|Win32
		{DC596C38-F5C4-4596-A961-0FE0D32C655B}.Debug|Win32.Build.0 = Debug|Win32
		{DC596C38-F5C4-4596-A961-0FE0D32C655B}.Debug|x64.ActiveCfg = Debug|x64
		{DC596C38-F5C4-4596-A961-0FE0D32C655B}.Debug|x64.Build.0 = Debug|x64
		{DC596C38-F5C4-4596-A961-0FE0D32C655B}.Profile|Win32.ActiveCfg = Release|Win32
		{DC596C38-F5C4-4596-A961-0FE0D32C655B}.Profile|Win32.Build.0 = Release|Win32
		{DC596C38-F5C4-4596-A961-0FE0D32C655B}.Profile|x64.ActiveCfg = Profile|x64
		{DC596C38-F5C4-4596-A961-0FE0D32C655B}.Profile|x64.Build.0 = Profile|x64
		{DC596C38-F5C4-4596-A961-0FE0D32C655B}.Release|Win32.ActiveCfg = Release|Win32
		{DC596C38-F5C4-4596-A961-0FE0D32C655B}.Release|Win32.Build.0 = Release|Win32
		{DC596C38-F5C4-4596-A961-0FE0D32C655B}.Release|x64.ActiveCfg = Release|x64
		{DC596C38-F5C4-4596-A961-0FE0D32C655B}.Release|x64.Build.0 = Release|x64
		{DC596C38-F5C4-4596-A961-0FE0D32C655B}.Stadistics Debug|Win32.ActiveCfg = Debug|Win32
		{DC596C38-F5C4-4596-A961-0FE0D32C655B}.Stadistics Debug|Win32.Build.0 = Debug|Win32
		{DC596C38-F5C4-4596-A961-0FE0D32C655B}.Stadistics Debug|x64.ActiveCfg = Debug|x64
		{DC596C38-F5C4-4596-A961-0FE0D32C655B}.Stadistics Debug|x64.Build.0 = Debug|x64
		{DC596C38-F5C4-4596-A961-0FE0D32C655B}.Stadistics Release|Win32.ActiveCfg = Release|Win32
		{DC596C38-F5C4-4596-A961-0FE0D32C655B}.Stadistics Release|Win32.Build.0 = Release|Win32
		{DC596C38-F5C4-4596-A961-0FE0D32C655B}.Stadistics Release|x64.ActiveCfg = Release|x64
		{DC596C38-F5C4-4596-A961-0FE0D32C655B}.Stadistics Release|x64.Build.0 = Release|x64
		{27666D70-DDAB-46D2-8A6A-42E99A4A8704}.Debug|Win32.ActiveCfg = Debug|Win32
		{27666D70-DDAB-46D2-8A6A-42E99A4A8704}.Debug|Win32.Build.0 = Debug|Win32
		{27666D70-DDAB-46D2-8A6A-42E99A4A8704}.Debug|x64.ActiveCfg = Debug|x64
		{27666D70-DDAB-46D2-8A6A-42E99A4A8704}.Debug|x64.Build.0 = Debug|x64
		{27666D70-DDAB-46D2-8A6A-42E99A4A8704}.Profile|Win32.ActiveCfg = Release|Win32
		{27666D70-DDAB-46D2-8A6A-42E99A4A8704}.Profile|Win32.Build.0 = Release|Win32
		{27666D70-DDAB-46D2-8A6A-42E99A4A8704}.Profile|x64.ActiveCfg = Profile|x64
		{27666D70-DDAB-46D2-8A6A-42E99A4A8704}.Profile|x64.Build.0 = Profile|x64
		{27666D70-DDAB-46D2-8A6A-42E99A4A8704}.Release|Win32.ActiveCfg = Release|Win32
		{27666D70-DDAB-46D2-8A6A-42E99A4A8704}.Release|Win32.Build.0 = Release|Win32
		{27666D70-DDAB-46D2-8A6A-42E99A4A8704}.Release|x64.ActiveCfg = Release|x64
		{27666D70-DDAB-46D2-8A6A-42E99A4A8704}.Release|x64.Build.0 = Release|x64
		{27666D70-DDAB-46D2-8A6A-42E99A4A8704}.Stadistics Debug|Win32.ActiveCfg = Debug|Win32
		{27666D70-DDAB-46D2-8A6A-42E99A4A8704}.Stadistics Debug|Win32.Build.0 = Debug|Win32
		{27666D70-DDAB-46D2-8A6A-42E99A4A8704}.Stadistics Debug|x64.ActiveCfg = Debug|x64
		{27666D70-DDAB-46D2-8A6A-42E99A4A8704}.Stadistics Debug|x64.Build.0 = Debug|x64
		{27666D70-DDAB-46D2-8A6A-42E99A4A8704}.Stadistics Release|Win32.ActiveCfg = Release|Win32
		{27666D70-DDAB-46D2-8A6A-42E99A4A8704}.Stadistics Release|Win32.Build.0 = Release|Win32
		{27666D70-DDAB-46D2-8A6A-42E99A4A8704}.Stadistics Release|x64.ActiveCfg = Release|x64
		{27666D70-DDAB-46D2-8A6A-42E99A4A8704}.Stadistics Release|x64.Build.0 = Release|x64
		{B36CE5F8-B69A-4339-9256-D75B44BDED24}.Debug|Win32.ActiveCfg = Debug|Win32
		{B36CE5F8-B69A-4339-9256-D75B44BDED24}.Debug|Win32.Build.0 = Debug|Win32
		{B36CE5F8-B69A-4339-9256-D75B44BDED24}.Debug|x64.ActiveCfg = Debug|x64
		{B36CE5F8-B69A-4339-9256-D75B44BDED24}.Debug|x64.Build.0 = Debug|x64
		{B36CE5F8-B69A-4339-9256-D75B44BDED24}.Profile|Win32.ActiveCfg = Release|Win32
		{B36CE5F8-B69A-4339-9256-D75B44BDED24}.Profile|Win32.Build.0 = Release|Win32
		{B36CE5F8-B69A-4339-9256-D75B44BDED24}.Profile|x64.ActiveCfg = Profile|x64
		{B36CE5F8-B69A-4339-9256-D75B44BDED24}.Profile|x64.Build.0 = Profile|x64
		{B36CE5F8-B69A-4339-9256-D75B44BDED24}.Release|Win32.ActiveCfg = Release|Win32
		{B36CE5F8-B69A-4339-9256-D75B44BDED24}.Release|Win32.Build.0 = Release|Win32
		{B36CE5F8-B69A-4339-9256-D75B44BDED24}.Release|x64.ActiveCfg = Release|x64
		{B36CE5F8-B69A-4339-9256-D75B44BDED24}.Release|x64.Build.0 = Release|x64
		{B36CE5F8-B69A-4339-9256-D75B44BDED24}.Stadistics Debug|Win32.ActiveCfg = Debug|Win32
		{B36CE5F8-B69A-4339-9256-D75B44BDED24}.Stadistics Debug|Win32.Build.0 = Debug|Win32
		{B36CE5F8-B69A-4339-9256-D75B44BDED24}.Stadistics Debug|x64.ActiveCfg = Debug|x64
		{B36CE5F8-B69A-4339-9256-D75B44BDED24}.Stadistics Debug|x64.Build.0 = Debug|x64
		{B36CE5F8-B69A-4339-9256-D75B44BDED24}.Stadistics Release|Win32.ActiveCfg = Release|Win32
		{B36CE5F8-B69A-4339-9256-D75B44BDED24}.Stadistics Release|Win32.Build.0 = Release|Win32
		{B36CE5F8-B69A-4339-9256-D75B44BDED24}.Stadistics Release|x64.ActiveCfg = Release|x64
		{B36CE5F8-B69A-4339-9256-D75B44BDED24}.Stadistics Release|x64.Build.0 = Release|x64
		{BC559856-085A-4495-95BE-04EA27B162DB}.Debug|Win32.ActiveCfg = Debug|Win32
		{BC559856-085A-4495-95BE-04EA27B162DB}.Debug|Win32.Build.0 = Debug|Win32
		{BC559856-085A-4495-95BE-04EA27B162DB}.Debug|x64.ActiveCfg = Debug|x64
		{BC559856-085A-4495-95BE-04EA27B162DB}.Debug|x64.Build.0 = Debug|x64
		{BC559856-085A-4495-95BE-04EA27B162DB}.Profile|Win32.ActiveCfg = Release|Win32
		{BC559856-085A-4495-95BE-04EA27B162DB}.Profile|Win32.Build.0 = Release|Win32
		{BC559856-085A-4495-95BE-04EA27B162DB}.Profile|x64.ActiveCfg = Profile|x64
		{BC559856-085A-4495-95BE-04EA27B162DB}.Profile|x64.Build.0 = Profile|x64
		{BC559856-085A-4495-95BE-04EA27B162DB}.Release|Win32.ActiveCfg = Release|Win32
		{BC559856-085A-4495-95BE-04EA27B162DB}.Release|Win32.Build.0 = Release|Win32
		{BC559856-085A-4495-95BE-04EA27B162DB}.Release|x64.ActiveCfg = Release|x64
		{BC559856-085A-4495-95BE-04EA27B162DB}.Release|x64.Build.0 = Release|x64
		{BC559856-085A-4495-95BE-04EA27B162DB}.Stadistics Debug|Win32.ActiveCfg = Debug|Win32
		{BC559856-085A-4495-95BE-04EA27B162DB}.Stadistics Debug|Win32.Build.0 = Debug|Win32
		{BC559856-085A-4495-95BE-04EA27B162DB}.Stadistics Debug|x64.ActiveCfg = Debug|x64
		{BC559856-085A-4495-95BE-04EA27B162DB}.Stadistics Debug|x64.Build.0 = Debug|x64
		{BC559856-085A-4495-95BE-04EA27B162DB}.Stadistics Release|Win32.ActiveCfg = Release|Win32
		{BC559856-085A-4495-95BE-04EA27B162DB}.Stadistics Release|Win32.Build.0 = Release|Win32
		{BC559856-085A-4495-95BE-04EA27B162DB}.Stadistics Release|x64.ActiveCfg = Release|x64
		{BC559856-085A-4495-95BE-04EA27B162DB}.Stadistics Release|x64.Build.0 = Release|x64
		{66D8D609-BD78-4438-A7A1-334F4E793EC5}.Debug|Win32.ActiveCfg = Debug|Win32
		{66D8D609-BD78-4438-A7A1-334F4E793EC5}.Debug|Win32.Build.0 = Debug|Win32
		{66D8D609-BD78-4438-A7A1-334F4E793EC5}.Debug|x64.ActiveCfg = Debug|x64
		{66D8D609-BD78-4438-A7A1-334F4E793EC5}.Debug|x64.Build.0 = Debug|x64
		{66D8D609-BD78-4438-A7A1-334F4E793EC5}.Profile|Win32.ActiveCfg = Release|Win32
		{66D8D609-BD78-4438-A7A1-334F4E793EC5}.Profile|Win32.Build.0 = Release|Win32
		{66D8D609-BD78-4438-A7A1-334F4E793EC5}.Profile|x64.ActiveCfg = Profile|x64
		{66D8D609-BD78-4438-A7A1-334F4E793EC5}.Profile|x64.Build.0 = Profile|x64
		{66D8D609-BD78-4438-A7A1-334F4E793EC5}.Release|Win32.ActiveCfg = Release|Win32
		{66D8D609-BD78-4438-A7A1-334F4E793EC5}.Release|Win32.Build.0 = Release|Win32
		{66D8D609-BD78-4438-A7A1-334F4E793EC5}.Release|x64.ActiveCfg = Release|x64
		{66D8D609-BD78-4438-A7A1-334F4E793EC5}.Release|x64.Build.0 = Release|x64
		{66D8D609-BD78-4438-A7A1-334F4E793EC5}.Stadistics Debug|Win32.ActiveCfg = Stadistics Debug|Win32
		{66D8D609-BD78-4438-A7A1-334F4E793EC5}.Stadistics Debug|Win32.Build.0 = Stadistics Debug|Win32
		{66D8D609-BD78-4438-A7A1-334F4E793EC5}.Stadistics Debug|x64.ActiveCfg = Stadistics Debug|x64
		{66D8D609-BD78-4438-A7A1-334F4E793EC5}.Stadistics Debug|x64.Build.0 = Stadistics Debug|x64
		{66D8D609-BD78-4438-A7A1-334F4E793EC5}.Stadistics Release|Win32.ActiveCfg = Stadistics Release|Win32
		{66D8D609-BD78-4438-A7A1-334F4E793EC5}.Stadistics Release|Win32.Build.0 = Stadistics Release|Win32
		{66D8D609-BD78-4438-A7A1-334F4E793EC5}.Stadistics Release|x64.ActiveCfg = Stadistics Release|x64
		{66D8D609-BD78-4438-A7A1-334F4E793EC5}.Stadistics Release|x64.Build.0 = Stadistics Release|x64
		{1FE9AD53-5F05-402A-B7A8-801D9BB6EA73}.Debug|Win32.ActiveCfg = Debug|Win32
		{1FE9AD53-5F05-402A-B7A8-801D9BB6EA73}.Debug|Win32.Build.0 = Debug|Win32
		{1FE9AD53-5F05-402A-B7A8-801D9BB6EA73}.Debug|x64.ActiveCfg = Debug|x64
		{1FE9AD53-5F05-402A-B7A8-801D9BB6EA73}.Debug|x64.Build.0 = Debug|x64
		{1FE9AD53-5F05-402A-B7A8-801D9BB6EA73}.Profile|Win32.ActiveCfg = Release|Win32
		{1FE9AD53-5F05-402A-B7A8-801D9BB6EA73}.Profile|Win32.Build.0 = Release|Win32
		{1FE9AD53-5F05-402A-B7A8-801D9BB6EA73}.Profile|x64.ActiveCfg = Profile|x64
		{1FE9AD53-5F05-402A-B7A8-801D9BB6EA73}.Profile|x64.Build.0 = Profile|x64
		{1FE9AD53-5F05-402A-B7A8-801D9BB6EA73}.Release|Win32.ActiveCfg = Release|Win32
		{1FE9AD53-5F05-402A-B7A8-801D9BB6EA73}.Release|Win32.Build.0 = Release|Win32
		{1FE9AD53-5F05-402A-B7A8-801D9BB6EA73}.Release|x64.ActiveCfg = Release|x64
		{1FE9AD53-5F05-402A-B7A8-801D9BB6EA73}.Release|x64.Build.0 = Release|x64
		{1FE9AD53-5F05-402A-B7A8-801D9BB6EA73}.Stadistics Debug|Win32.ActiveCfg = Debug|Win32
		{1FE9AD53-5F05-402A-B7A8-801D9BB6EA73}.Stadistics Debug|Win32.Build.0 = Debug|Win32
		{1FE9AD53-5F05-402A-B7A8-801D9BB6EA73}.Stadistics Debug|x64.ActiveCfg = Debug|x64
		{1FE9AD53-5F05-402A-B7A8-801D9BB6EA73}.Stadistics Debug|x64.Build.0 = Debug|x64
		{1FE9AD53-5F05-402A-B7A8-801D9BB6EA73}.Stadistics Release|Win32.ActiveCfg = Release|Win32
		{1FE9AD53-5F05-402A-B7A8-801D9BB6EA73}.Stadistics Release|Win32.Build.0 = Release|Win32
		{1FE9AD53-5F05-402A-B7A8-801D9BB6EA73}.Stadistics Release|x64.ActiveCfg = Release|x64
		{1FE9AD53-5F05-402A-B7A8-801D9BB6EA73}.Stadistics Release|x64.Build.0 = Release|x64
		{3BCC8406-E5A2-4C49-88DC-6F9B4FA41FA5}.Debug|Win32.ActiveCfg = Debug|Win32
		{3BCC8406-E5A2-4C49-88DC-6F9B4FA41FA5}.Debug|Win32.Build.0 = Debug|Win32
		{3BCC8406-E5A2-4C49-88DC-6F9B4FA41FA5}.Debug|x64.ActiveCfg = Debug|Win32
		{3BCC8406-E5A2-4C49-88DC-6F9B4FA41FA5}.Profile|Win32.ActiveCfg = Release|Win32
		{3BCC8406-E5A2-4C49-88DC-6F9B4FA41FA5}.Profile|Win32.Build.0 = Release|Win32
		{3BCC8406-E5A2-4C49-88DC-6F9B4FA41FA5}.Profile|x64.ActiveCfg = Release|Win32
		{3BCC8406-E5A2-4C49-88DC-6F9B4FA41FA5}.Release|Win32.ActiveCfg = Release|Win32
		{3BCC8406-E5A2-4C49-88DC-6F9B4FA41FA5}.Release|Win32.Build.0 = Release|Win32
		{3BCC8406-E5A2-4C49-88DC-6F9B4FA41FA5}.Release|x64.ActiveCfg = Release|Win32
		{3BCC8406-E5A2-4C49-88DC-6F9B4FA41FA5}.Stadistics Debug|Win32.ActiveCfg = Stadistics Debug|Win32
		{3BCC8406-E5A2-4C49-88DC-6F9B4FA41FA5}.Stadistics Debug|Win32.Build.0 = Stadistics Debug|Win32
		{3BCC8406-E5A2-4C49-88DC-6F9B4FA41FA5}.Stadistics Debug|x64.ActiveCfg = Stadistics Debug|Win32
		{3BCC8406-E5A2-4C49-88DC-6F9B4FA41FA5}.Stadistics Release|Win32.ActiveCfg = Stadistics Release|Win32
		{3BCC8406-E5A2-4C49-88DC-6F9B4FA41FA5}.Stadistics Release|Win32.Build.0 = Stadistics Release|Win32
		{3BCC8406-E5A2-4C49-88DC-6F9B4FA41FA5}.Stadistics Release|x64.ActiveCfg = Stadistics Release|Win32
		{CF71A00E-6F7D-4898-8ECB-46E6B7510542}.Debug|Win32.ActiveCfg = Debug|Win32
		{CF71A00E-6F7D-4898-8ECB-46E6B7510542}.Debug|Win32.Build.0 = Debug|Win32
		{CF71A00E-6F7D-4898-8ECB-46E6B7510542}.Debug|x64.ActiveCfg = Debug|Win32
		{CF71A00E-6F7D-4898-8ECB-46E6B7510542}.Debug|x64.Build.0 = Debug|Win32
		{CF71A00E-6F7D-4898-8ECB-46E6B7510542}.Profile|Win32.ActiveCfg = Release|Win32
		{CF71A00E-6F7D-4898-8ECB-46E6B7510542}.Profile|Win32.Build.0 = Release|Win32
		{CF71A00E-6F7D-4898-8ECB-46E6B7510542}.Profile|x64.ActiveCfg = Release|Win32
		{CF71A00E-6F7D-4898-8ECB-46E6B7510542}.Release|Win32.ActiveCfg = Release|Win32
		{CF71A00E-6F7D-4898-8ECB-46E6B7510542}.Release|Win32.Build.0 = Release|Win32
		{CF71A00E-6F7D-4898-8ECB-46E6B7510542}.Release|x64.ActiveCfg = Release|Win32
		{CF71A00E-6F7D-4898-8ECB-46E6B7510542}.Stadistics Debug|Win32.ActiveCfg = Debug|Win32
		{CF71A00E-6F7D-4898-8ECB-46E6B7510542}.Stadistics Debug|Win32.Build.0 = Debug|Win32
		{CF71A00E-6F7D-4898-8ECB-46E6B7510542}.Stadistics Debug|x64.ActiveCfg = Debug|Win32
		{CF71A00E-6F7D-4898-8ECB-46E6B7510542}.Stadistics Release|Win32.ActiveCfg = Release|Win32
		{CF71A00E-6F7D-4898-8ECB-46E6B7510542}.Stadistics Release|Win32.Build.0 = Release|Win32
		{CF71A00E-6F7D-4898-8ECB-46E6B7510542}.Stadistics Release|x64.ActiveCfg = Release|Win32
		{43F1B259-C5BF-4630-B7CC-C5888E44E084}.Debug|Win32.ActiveCfg = Debug|Win32
		{43F1B259-C5BF-4630-B7CC-C5888E44E084}.Debug|Win32.Build.0 = Debug|Win32
		{43F1B259-C5BF-4630-B7CC-C5888E44E084}.Debug|x64.ActiveCfg = Debug|Win32
		{43F1B259-C5BF-4630-B7CC-C5888E44E084}.Profile|Win32.ActiveCfg = Release|Win32
		{43F1B259-C5BF-4630-B7CC-C5888E44E084}.Profile|Win32.Build.0 = Release|Win32
		{43F1B259-C5BF-4630-B7CC-C5888E44E084}.Profile|x64.ActiveCfg = Release|Win32
		{43F1B259-C5BF-4630-B7CC-C5888E44E084}.Release|Win32.ActiveCfg = Release|Win32
		{43F1B259-C5BF-4630-B7CC-C5888E44E084}.Release|Win32.Build.0 = Release|Win32
		{43F1B259-C5BF-4630-B7CC-C5888E44E084}.Release|x64.ActiveCfg = Release|Win32
		{43F1B259-C5BF-4630-B7CC-C5888E44E084}.Stadistics Debug|Win32.ActiveCfg = Debug|Win32
		{43F1B259-C5BF-4630-B7CC-C5888E44E084}.Stadistics Debug|Win32.Build.0 = Debug|Win32
		{43F1B259-C5BF-4630-B7CC-C5888E44E084}.Stadistics Debug|x64.ActiveCfg = Debug|Win32
		{43F1B259-C5BF-4630-B7CC-C5888E44E084}.Stadistics Release|Win32.ActiveCfg = Release|Win32
		{43F1B259-C5BF-4630-B7CC-C5888E44E084}.Stadistics Release|Win32.Build.0 = Release|Win32
		{43F1B259-C5BF-4630-B7CC-C5888E44E084}.Stadistics Release|x64.ActiveCfg = Release|Win32
		{F0C4AA9E-8E6C-4600-8C8E-7661B21238E5}.Debug|Win32.ActiveCfg = Debug|Win32
		{F0C4AA9E-8E6C-4600-8C8E-7661B21238E5}.Debug|Win32.Build.0 = Debug|Win32
		{F0C4AA9E-8E6C-4600-8C8E-7661B21238E5}.Debug|x64.ActiveCfg = Debug|x64
		{F0C4AA9E-8E6C-4600-8C8E-7661B21238E5}.Debug|x64.Build.0 = Debug|x64
		{F0C4AA9E-8E6C-4600-8C8E-7661B21238E5}.Profile|Win32.ActiveCfg = Release|Win32
		{F0C4AA9E-8E6C-4600-8C8E-7661B21238E5}.Profile|Win32.Build.0 = Release|Win32
		{F0C4AA9E-8E6C-4600-8C8E-7661B21238E5}.Profile|x64.ActiveCfg = Release|x64
		{F0C4AA9E-8E6C-4600-8C8E-7661B21238E5}.Profile|x64.Build.0 = Release|x64
		{F0C4AA9E-8E6C-4600-8C8E-7661B21238E5}.Release|Win32.ActiveCfg = Release|Win32
		{F0C4AA9E-8E6C-4600-8C8E-7661B21238E5}.Release|Win32.Build.0 = Release|Win32
		{F0C4AA9E-8E6C-4600-8C8E-7661B21238E5}.Release|x64.ActiveCfg = Release|x64
		{F0C4AA9E-8E6C-4600-8C8E-7661B21238E5}.Release|x64.Build.0 = Release|x64
		{F0C4AA9E-8E6C-4600-8C8E-7661B21238E5}.Stadistics Debug|Win32.ActiveCfg = Debug|Win32
		{F0C4AA9E-8E6C-4600-8C8E-7661B21238E5}.Stadistics Debug|Win32.Build.0 = Debug|Win32
		{F0C4AA9E-8E6C-4600-8C8E-7661B21238E5}.Stadistics Debug|x64.ActiveCfg = Debug|x64
		{F0C4AA9E-8E6C-4600-8C8E-7661B21238E5}.Stadistics Debug|x64.Build.0 = Debug|x64
		{F0C4AA9E-8E6C-4600-8C8E-7661B21238E5}.Stadistics Release|Win32.ActiveCfg = Release|Win32
		{F0C4AA9E-8E6C-4600-8C8E-7661B21238E5}.Stadistics Release|Win32.Build.0 = Release|Win32
		{F0C4AA9E-8E6C-4600-8C8E-7661B21238E5}.Stadistics Release|x64.ActiveCfg = Release|x64
		{F0C4AA9E-8E6C-4600-8C8E-7661B21238E5}.Stadistics Release|x64.Build.0 = Release|x64
		{757A1189-B45D-4F93-A1C3-BD3E4C589C4B}.Debug|Win32.ActiveCfg = Debug|Win32
		{757A1189-B45D-4F93-A1C3-BD3E4C589C4B}.Debug|x64.ActiveCfg = Debug|x64
		{757A1189-B45D-4F93-A1C3-BD3E4C589C4B}.Profile|Win32.ActiveCfg = Release|Win32
		{757A1189-B45D-4F93-A1C3-BD3E4C589C4B}.Profile|Win32.Build.0 = Release|Win32
		{757A1189-B45D-4F93-A1C3-BD3E4C589C4B}.Profile|x64.ActiveCfg = Release|Win32
		{757A1189-B45D-4F93-A1C3-BD3E4C589C4B}.Release|Win32.ActiveCfg = Release|Win32
		{757A1189-B45D-4F93-A1C3-BD3E4C589C4B}.Release|x64.ActiveCfg = Release|x64
		{757A1189-B45D-4F93-A1C3-BD3E4C589C4B}.Stadistics Debug|Win32.ActiveCfg = Debug|Win32
		{757A1189-B45D-4F93-A1C3-BD3E4C589C4B}.Stadistics Debug|Win32.Build.0 = Debug|Win32
		{757A1189-B45D-4F93-A1C3-BD3E4C589C4B}.Stadistics Debug|x64.ActiveCfg = Debug|Win32
		{757A1189-B45D-4F93-A1C3-BD3E4C589C4B}.Stadistics Release|Win32.ActiveCfg = Release|Win32
		{757A1189-B45D-4F93-A1C3-BD3E4C589C4B}.Stadistics Release|Win32.Build.0 = Release|Win32
		{757A1189-B45D-4F93-A1C3-BD3E4C589C4B}.Stadistics Release|x64.ActiveCfg = Release|Win32
		{A4EC2DF3-543D-4FF5-A60E-4184B6E827DD}.Debug|Win32.ActiveCfg = Debug|Win32
		{A4EC2DF3-543D-4FF5-A60E-4184B6E827DD}.Debug|Win32.Build.0 = Debug|Win32
		{A4EC2DF3-543D-4FF5-A60E-4184B6E827DD}.Debug|x64.ActiveCfg = Debug|Win32
		{A4EC2DF3-543D-4FF5-A60E-4184B6E827DD}.Profile|Win32.ActiveCfg = Release|Win32
		{A4EC2DF3-543D-4FF5-A60E-4184B6E827DD}.Profile|Win32.Build.0 = Release|Win32
		{A4EC2DF3-543D-4FF5-A60E-4184B6E827DD}.Profile|x64.ActiveCfg = Release|Win32
		{A4EC2DF3-543D-4FF5-A60E-4184B6E827DD}.Release|Win32.ActiveCfg = Release|Win32
		{A4EC2DF3-543D-4FF5-A60E-4184B6E827DD}.Release|Win32.Build.0 = Release|Win32
		{A4EC2DF3-543D-4FF5-A60E-4184B6E827DD}.Release|x64.ActiveCfg = Release|Win32
		{A4EC2DF3-543D-4FF5-A60E-4184B6E827DD}.Stadistics Debug|Win32.ActiveCfg = Debug|Win32
		{A4EC2DF3-543D-4FF5-A60E-4184B6E827DD}.Stadistics Debug|Win32.Build.0 = Debug|Win32
		{A4EC2DF3-543D-4FF5-A60E-4184B6E827DD}.Stadistics Debug|x64.ActiveCfg = Debug|Win32
		{A4EC2DF3-543D-4FF5-A60E-4184B6E827DD}.Stadistics Release|Win32.ActiveCfg = Release|Win32
		{A4EC2DF3-543D-4FF5-A60E-4184B6E827DD}.Stadistics Release|Win32.Build.0 = Release|Win32
		{A4EC2DF3-543D-4FF5-A60E-4184B6E827DD}.Stadistics Release|x64.ActiveCfg = Release|Win32
		{F689FB1B-A862-474F-8F38-CBD088231175}.Debug|Win32.ActiveCfg = Debug|Win32
		{F689FB1B-A862-474F-8F38-CBD088231175}.Debug|Win32.Build.0 = Debug|Win32
		{F689FB1B-A862-474F-8F38-CBD088231175}.Debug|x64.ActiveCfg = Debug|x64
		{F689FB1B-A862-474F-8F38-CBD088231175}.Debug|x64.Build.0 = Debug|x64
		{F689FB1B-A862-474F-8F38-CBD088231175}.Profile|Win32.ActiveCfg = Profile|Win32
		{F689FB1B-A862-474F-8F38-CBD088231175}.Profile|Win32.Build.0 = Profile|Win32
		{F689FB1B-A862-474F-8F38-CBD088231175}.Profile|x64.ActiveCfg = Profile|x64
		{F689FB1B-A862-474F-8F38-CBD088231175}.Profile|x64.Build.0 = Profile|x64
		{F689FB1B-A862-474F-8F38-CBD088231175}.Release|Win32.ActiveCfg = Release|Win32
		{F689FB1B-A862-474F-8F38-CBD088231175}.Release|Win32.Build.0 = Release|Win32
		{F689FB1B-A862-474F-8F38-CBD088231175}.Release|x64.ActiveCfg = Release|x64
		{F689FB1B-A862-474F-8F38-CBD088231175}.Release|x64.Build.0 = Release|x64
		{F689FB1B-A862-474F-8F38-CBD088231175}.Stadistics Debug|Win32.ActiveCfg = Debug|Win32
		{F689FB1B-A862-474F-8F38-CBD088231175}.Stadistics Debug|Win32.Build.0 = Debug|Win32
		{F689FB1B-A862-474F-8F38-CBD088231175}.Stadistics Debug|x64.ActiveCfg = Debug|x64
		{F689FB1B-A862-474F-8F38-CBD088231175}.Stadistics Debug|x64.Build.0 = Debug|x64
		{F689FB1B-A862-474F-8F38-CBD088231175}.Stadistics Release|Win32.ActiveCfg = Release|Win32
		{F689FB1B-A862-474F-8F38-CBD088231175}.Stadistics Release|Win32.Build.0 = Release|Win32
		{F689FB1B-A862-474F-8F38-CBD088231175}.Stadistics Release|x64.ActiveCfg = Release|x64
		{F689FB1B-A862-474F-8F38-CBD088231175}.Stadistics Release|x64.Build.0 = Release|x64
		{D58F14AE-4FF2-4009-8B67-4D394872EFF5}.Debug|Win32.ActiveCfg = Debug|Win32
		{D58F14AE-4FF2-4009-8B67-4D394872EFF5}.Debug|Win32.Build.0 = Debug|Win32
		{D58F14AE-4FF2-4009-8B67-4D394872EFF5}.Debug|x64.ActiveCfg = Debug|Win32
		{D58F14AE-4FF2-4009-8B67-4D394872EFF5}.Profile|Win32.ActiveCfg = Release|Win32
		{D58F14AE-4FF2-4009-8B67-4D394872EFF5}.Profile|Win32.Build.0 = Release|Win32
		{D58F14AE-4FF2-4009-8B67-4D394872EFF5}.Profile|x64.ActiveCfg = Release|Win32
		{D58F14AE-4FF2-4009-8B67-4D394872EFF5}.Release|Win32.ActiveCfg = Release|Win32
		{D58F14AE-4FF2-4009-8B67-4D394872EFF5}.Release|Win32.Build.0 = Release|Win32
		{D58F14AE-4FF2-4009-8B67-4D394872EFF5}.Release|x64.ActiveCfg = Release|Win32
		{D58F14AE-4FF2-4009-8B67-4D394872EFF5}.Stadistics Debug|Win32.ActiveCfg = Debug|Win32
		{D58F14AE-4FF2-4009-8B67-4D394872EFF5}.Stadistics Debug|Win32.Build.0 = Debug|Win32
		{D58F14AE-4FF2-4009-8B67-4D394872EFF5}.Stadistics Debug|x64.ActiveCfg = Debug|Win32
		{D58F14AE-4FF2-4009-8B67-4D394872EFF5}.Stadistics Release|Win32.ActiveCfg = Release|Win32
		{D58F14AE-4FF2-4009-8B67-4D394872EFF5}.Stadistics Release|Win32.Build.0 = Release|Win32
		{D58F14AE-4FF2-4009-8B67-4D394872EFF5}.Stadistics Release|x64.ActiveCfg = Release|Win32
	EndGlobalSection
	GlobalSection(SolutionProperties) = preSolution
		HideSolutionNode = FALSE
	EndGlobalSection
	GlobalSection(ExtensibilityGlobals) = postSolution
		SolutionGuid = {91BA6CB2-9B9A-41F6-B226-68CFE2D2D967}
	EndGlobalSection
EndGlobal
