
Microsoft Visual Studio Solution File, Format Version 9.00
# Visual Studio 2005
Project("{8BC9CEB8-8B4A-11D0-8D11-00A0C91BC942}") = "example", "example.vcproj", "{948B020D-512D-4E67-B6D8-F2E3F72FA2EE}"
	ProjectSection(ProjectDependencies) = postProject
		{803C8659-39CB-40A3-AFE1-81D43CFD7F8D} = {803C8659-39CB-40A3-AFE1-81D43CFD7F8D}
	EndProjectSection
EndProject
Project("{8BC9CEB8-8B4A-11D0-8D11-00A0C91BC942}") = "minigzip", "minigzip.vcproj", "{1CCA651C-FC13-46EF-9877-A9BFF0E02953}"
	ProjectSection(ProjectDependencies) = postProject
		{803C8659-39CB-40A3-AFE1-81D43CFD7F8D} = {803C8659-39CB-40A3-AFE1-81D43CFD7F8D}
	EndProjectSection
EndProject
Project("{8BC9CEB8-8B4A-11D0-8D11-00A0C91BC942}") = "zlib", "zlib.vcproj", "{803C8659-39CB-40A3-AFE1-81D43CFD7F8D}"
EndProject
Global
	GlobalSection(SolutionConfigurationPlatforms) = preSolution
		DLL ASM Debug|Win32 = DLL ASM Debug|Win32
		DLL ASM Debug|x64 = DLL ASM Debug|x64
		DLL ASM Release|Win32 = DLL ASM Release|Win32
		DLL ASM Release|x64 = DLL ASM Release|x64
		DLL Debug|Win32 = DLL Debug|Win32
		DLL Debug|x64 = DLL Debug|x64
		DLL Release|Win32 = DLL Release|Win32
		DLL Release|x64 = DLL Release|x64
		LIB ASM Debug|Win32 = LIB ASM Debug|Win32
		LIB ASM Debug|x64 = LIB ASM Debug|x64
		LIB ASM Release|Win32 = LIB ASM Release|Win32
		LIB ASM Release|x64 = LIB ASM Release|x64
		LIB Debug|Win32 = LIB Debug|Win32
		LIB Debug|x64 = LIB Debug|x64
		LIB Release|Win32 = LIB Release|Win32
		LIB Release|x64 = LIB Release|x64
	EndGlobalSection
	GlobalSection(ProjectConfigurationPlatforms) = postSolution
		{948B020D-512D-4E67-B6D8-F2E3F72FA2EE}.DLL ASM Debug|Win32.ActiveCfg = DLL ASM Debug|Win32
		{948B020D-512D-4E67-B6D8-F2E3F72FA2EE}.DLL ASM Debug|Win32.Build.0 = DLL ASM Debug|Win32
		{948B020D-512D-4E67-B6D8-F2E3F72FA2EE}.DLL ASM Debug|x64.ActiveCfg = DLL ASM Debug|x64
		{948B020D-512D-4E67-B6D8-F2E3F72FA2EE}.DLL ASM Debug|x64.Build.0 = DLL ASM Debug|x64
		{948B020D-512D-4E67-B6D8-F2E3F72FA2EE}.DLL ASM Release|Win32.ActiveCfg = DLL ASM Release|Win32
		{948B020D-512D-4E67-B6D8-F2E3F72FA2EE}.DLL ASM Release|Win32.Build.0 = DLL ASM Release|Win32
		{948B020D-512D-4E67-B6D8-F2E3F72FA2EE}.DLL ASM Release|x64.ActiveCfg = DLL ASM Release|x64
		{948B020D-512D-4E67-B6D8-F2E3F72FA2EE}.DLL ASM Release|x64.Build.0 = DLL ASM Release|x64
		{948B020D-512D-4E67-B6D8-F2E3F72FA2EE}.DLL Debug|Win32.ActiveCfg = DLL Debug|Win32
		{948B020D-512D-4E67-B6D8-F2E3F72FA2EE}.DLL Debug|Win32.Build.0 = DLL Debug|Win32
		{948B020D-512D-4E67-B6D8-F2E3F72FA2EE}.DLL Debug|x64.ActiveCfg = DLL Debug|x64
		{948B020D-512D-4E67-B6D8-F2E3F72FA2EE}.DLL Debug|x64.Build.0 = DLL Debug|x64
		{948B020D-512D-4E67-B6D8-F2E3F72FA2EE}.DLL Release|Win32.ActiveCfg = DLL Release|Win32
		{948B020D-512D-4E67-B6D8-F2E3F72FA2EE}.DLL Release|Win32.Build.0 = DLL Release|Win32
		{948B020D-512D-4E67-B6D8-F2E3F72FA2EE}.DLL Release|x64.ActiveCfg = DLL Release|x64
		{948B020D-512D-4E67-B6D8-F2E3F72FA2EE}.DLL Release|x64.Build.0 = DLL Release|x64
		{948B020D-512D-4E67-B6D8-F2E3F72FA2EE}.LIB ASM Debug|Win32.ActiveCfg = LIB ASM Debug|Win32
		{948B020D-512D-4E67-B6D8-F2E3F72FA2EE}.LIB ASM Debug|Win32.Build.0 = LIB ASM Debug|Win32
		{948B020D-512D-4E67-B6D8-F2E3F72FA2EE}.LIB ASM Debug|x64.ActiveCfg = LIB ASM Debug|x64
		{948B020D-512D-4E67-B6D8-F2E3F72FA2EE}.LIB ASM Debug|x64.Build.0 = LIB ASM Debug|x64
		{948B020D-512D-4E67-B6D8-F2E3F72FA2EE}.LIB ASM Release|Win32.ActiveCfg = LIB ASM Release|Win32
		{948B020D-512D-4E67-B6D8-F2E3F72FA2EE}.LIB ASM Release|Win32.Build.0 = LIB ASM Release|Win32
		{948B020D-512D-4E67-B6D8-F2E3F72FA2EE}.LIB ASM Release|x64.ActiveCfg = LIB ASM Release|x64
		{948B020D-512D-4E67-B6D8-F2E3F72FA2EE}.LIB ASM Release|x64.Build.0 = LIB ASM Release|x64
		{948B020D-512D-4E67-B6D8-F2E3F72FA2EE}.LIB Debug|Win32.ActiveCfg = LIB Debug|Win32
		{948B020D-512D-4E67-B6D8-F2E3F72FA2EE}.LIB Debug|Win32.Build.0 = LIB Debug|Win32
		{948B020D-512D-4E67-B6D8-F2E3F72FA2EE}.LIB Debug|x64.ActiveCfg = LIB Debug|x64
		{948B020D-512D-4E67-B6D8-F2E3F72FA2EE}.LIB Debug|x64.Build.0 = LIB Debug|x64
		{948B020D-512D-4E67-B6D8-F2E3F72FA2EE}.LIB Release|Win32.ActiveCfg = LIB Release|Win32
		{948B020D-512D-4E67-B6D8-F2E3F72FA2EE}.LIB Release|Win32.Build.0 = LIB Release|Win32
		{948B020D-512D-4E67-B6D8-F2E3F72FA2EE}.LIB Release|x64.ActiveCfg = LIB Release|x64
		{948B020D-512D-4E67-B6D8-F2E3F72FA2EE}.LIB Release|x64.Build.0 = LIB Release|x64
		{1CCA651C-FC13-46EF-9877-A9BFF0E02953}.DLL ASM Debug|Win32.ActiveCfg = DLL ASM Debug|Win32
		{1CCA651C-FC13-46EF-9877-A9BFF0E02953}.DLL ASM Debug|Win32.Build.0 = DLL ASM Debug|Win32
		{1CCA651C-FC13-46EF-9877-A9BFF0E02953}.DLL ASM Debug|x64.ActiveCfg = DLL ASM Debug|x64
		{1CCA651C-FC13-46EF-9877-A9BFF0E02953}.DLL ASM Debug|x64.Build.0 = DLL ASM Debug|x64
		{1CCA651C-FC13-46EF-9877-A9BFF0E02953}.DLL ASM Release|Win32.ActiveCfg = DLL ASM Release|Win32
		{1CCA651C-FC13-46EF-9877-A9BFF0E02953}.DLL ASM Release|Win32.Build.0 = DLL ASM Release|Win32
		{1CCA651C-FC13-46EF-9877-A9BFF0E02953}.DLL ASM Release|x64.ActiveCfg = DLL ASM Release|x64
		{1CCA651C-FC13-46EF-9877-A9BFF0E02953}.DLL ASM Release|x64.Build.0 = DLL ASM Release|x64
		{1CCA651C-FC13-46EF-9877-A9BFF0E02953}.DLL Debug|Win32.ActiveCfg = DLL Debug|Win32
		{1CCA651C-FC13-46EF-9877-A9BFF0E02953}.DLL Debug|Win32.Build.0 = DLL Debug|Win32
		{1CCA651C-FC13-46EF-9877-A9BFF0E02953}.DLL Debug|x64.ActiveCfg = DLL Debug|x64
		{1CCA651C-FC13-46EF-9877-A9BFF0E02953}.DLL Debug|x64.Build.0 = DLL Debug|x64
		{1CCA651C-FC13-46EF-9877-A9BFF0E02953}.DLL Release|Win32.ActiveCfg = DLL Release|Win32
		{1CCA651C-FC13-46EF-9877-A9BFF0E02953}.DLL Release|Win32.Build.0 = DLL Release|Win32
		{1CCA651C-FC13-46EF-9877-A9BFF0E02953}.DLL Release|x64.ActiveCfg = DLL Release|x64
		{1CCA651C-FC13-46EF-9877-A9BFF0E02953}.DLL Release|x64.Build.0 = DLL Release|x64
		{1CCA651C-FC13-46EF-9877-A9BFF0E02953}.LIB ASM Debug|Win32.ActiveCfg = LIB ASM Debug|Win32
		{1CCA651C-FC13-46EF-9877-A9BFF0E02953}.LIB ASM Debug|Win32.Build.0 = LIB ASM Debug|Win32
		{1CCA651C-FC13-46EF-9877-A9BFF0E02953}.LIB ASM Debug|x64.ActiveCfg = LIB ASM Debug|x64
		{1CCA651C-FC13-46EF-9877-A9BFF0E02953}.LIB ASM Debug|x64.Build.0 = LIB ASM Debug|x64
		{1CCA651C-FC13-46EF-9877-A9BFF0E02953}.LIB ASM Release|Win32.ActiveCfg = LIB ASM Release|Win32
		{1CCA651C-FC13-46EF-9877-A9BFF0E02953}.LIB ASM Release|Win32.Build.0 = LIB ASM Release|Win32
		{1CCA651C-FC13-46EF-9877-A9BFF0E02953}.LIB ASM Release|x64.ActiveCfg = LIB ASM Release|x64
		{1CCA651C-FC13-46EF-9877-A9BFF0E02953}.LIB ASM Release|x64.Build.0 = LIB ASM Release|x64
		{1CCA651C-FC13-46EF-9877-A9BFF0E02953}.LIB Debug|Win32.ActiveCfg = LIB Debug|Win32
		{1CCA651C-FC13-46EF-9877-A9BFF0E02953}.LIB Debug|Win32.Build.0 = LIB Debug|Win32
		{1CCA651C-FC13-46EF-9877-A9BFF0E02953}.LIB Debug|x64.ActiveCfg = LIB Debug|x64
		{1CCA651C-FC13-46EF-9877-A9BFF0E02953}.LIB Debug|x64.Build.0 = LIB Debug|x64
		{1CCA651C-FC13-46EF-9877-A9BFF0E02953}.LIB Release|Win32.ActiveCfg = LIB Release|Win32
		{1CCA651C-FC13-46EF-9877-A9BFF0E02953}.LIB Release|Win32.Build.0 = LIB Release|Win32
		{1CCA651C-FC13-46EF-9877-A9BFF0E02953}.LIB Release|x64.ActiveCfg = LIB Release|x64
		{1CCA651C-FC13-46EF-9877-A9BFF0E02953}.LIB Release|x64.Build.0 = LIB Release|x64
		{803C8659-39CB-40A3-AFE1-81D43CFD7F8D}.DLL ASM Debug|Win32.ActiveCfg = DLL ASM Debug|Win32
		{803C8659-39CB-40A3-AFE1-81D43CFD7F8D}.DLL ASM Debug|Win32.Build.0 = DLL ASM Debug|Win32
		{803C8659-39CB-40A3-AFE1-81D43CFD7F8D}.DLL ASM Debug|x64.ActiveCfg = DLL ASM Debug|x64
		{803C8659-39CB-40A3-AFE1-81D43CFD7F8D}.DLL ASM Debug|x64.Build.0 = DLL ASM Debug|x64
		{803C8659-39CB-40A3-AFE1-81D43CFD7F8D}.DLL ASM Release|Win32.ActiveCfg = DLL ASM Release|Win32
		{803C8659-39CB-40A3-AFE1-81D43CFD7F8D}.DLL ASM Release|Win32.Build.0 = DLL ASM Release|Win32
		{803C8659-39CB-40A3-AFE1-81D43CFD7F8D}.DLL ASM Release|x64.ActiveCfg = DLL ASM Release|x64
		{803C8659-39CB-40A3-AFE1-81D43CFD7F8D}.DLL ASM Release|x64.Build.0 = DLL ASM Release|x64
		{803C8659-39CB-40A3-AFE1-81D43CFD7F8D}.DLL Debug|Win32.ActiveCfg = DLL Debug|Win32
		{803C8659-39CB-40A3-AFE1-81D43CFD7F8D}.DLL Debug|Win32.Build.0 = DLL Debug|Win32
		{803C8659-39CB-40A3-AFE1-81D43CFD7F8D}.DLL Debug|x64.ActiveCfg = DLL Debug|x64
		{803C8659-39CB-40A3-AFE1-81D43CFD7F8D}.DLL Debug|x64.Build.0 = DLL Debug|x64
		{803C8659-39CB-40A3-AFE1-81D43CFD7F8D}.DLL Release|Win32.ActiveCfg = DLL Release|Win32
		{803C8659-39CB-40A3-AFE1-81D43CFD7F8D}.DLL Release|Win32.Build.0 = DLL Release|Win32
		{803C8659-39CB-40A3-AFE1-81D43CFD7F8D}.DLL Release|x64.ActiveCfg = DLL Release|x64
		{803C8659-39CB-40A3-AFE1-81D43CFD7F8D}.DLL Release|x64.Build.0 = DLL Release|x64
		{803C8659-39CB-40A3-AFE1-81D43CFD7F8D}.LIB ASM Debug|Win32.ActiveCfg = LIB ASM Debug|Win32
		{803C8659-39CB-40A3-AFE1-81D43CFD7F8D}.LIB ASM Debug|Win32.Build.0 = LIB ASM Debug|Win32
		{803C8659-39CB-40A3-AFE1-81D43CFD7F8D}.LIB ASM Debug|x64.ActiveCfg = LIB ASM Debug|x64
		{803C8659-39CB-40A3-AFE1-81D43CFD7F8D}.LIB ASM Debug|x64.Build.0 = LIB ASM Debug|x64
		{803C8659-39CB-40A3-AFE1-81D43CFD7F8D}.LIB ASM Release|Win32.ActiveCfg = LIB ASM Release|Win32
		{803C8659-39CB-40A3-AFE1-81D43CFD7F8D}.LIB ASM Release|Win32.Build.0 = LIB ASM Release|Win32
		{803C8659-39CB-40A3-AFE1-81D43CFD7F8D}.LIB ASM Release|x64.ActiveCfg = LIB ASM Release|x64
		{803C8659-39CB-40A3-AFE1-81D43CFD7F8D}.LIB ASM Release|x64.Build.0 = LIB ASM Release|x64
		{803C8659-39CB-40A3-AFE1-81D43CFD7F8D}.LIB Debug|Win32.ActiveCfg = LIB Debug|Win32
		{803C8659-39CB-40A3-AFE1-81D43CFD7F8D}.LIB Debug|Win32.Build.0 = LIB Debug|Win32
		{803C8659-39CB-40A3-AFE1-81D43CFD7F8D}.LIB Debug|x64.ActiveCfg = LIB Debug|x64
		{803C8659-39CB-40A3-AFE1-81D43CFD7F8D}.LIB Debug|x64.Build.0 = LIB Debug|x64
		{803C8659-39CB-40A3-AFE1-81D43CFD7F8D}.LIB Release|Win32.ActiveCfg = LIB Release|Win32
		{803C8659-39CB-40A3-AFE1-81D43CFD7F8D}.LIB Release|Win32.Build.0 = LIB Release|Win32
		{803C8659-39CB-40A3-AFE1-81D43CFD7F8D}.LIB Release|x64.ActiveCfg = LIB Release|x64
		{803C8659-39CB-40A3-AFE1-81D43CFD7F8D}.LIB Release|x64.Build.0 = LIB Release|x64
	EndGlobalSection
	GlobalSection(SolutionProperties) = preSolution
		HideSolutionNode = FALSE
	EndGlobalSection
EndGlobal
